
Microsoft Visual Studio Solution File, Format Version 12.00
# Visual Studio Version 17
VisualStudioVersion = 17.5.33502.453
MinimumVisualStudioVersion = 10.0.40219.1
Project("{FAE04EC0-301F-11D3-BF4B-00C04F79EFBC}") = "Quiz", "Quiz\Quiz.csproj", "{FFAA387B-1DC1-46EC-BAD9-6273A1F6B446}"
EndProject
Project("{FAE04EC0-301F-11D3-BF4B-00C04F79EFBC}") = "LibrarieModele", "LibrarieModele\LibrarieModele.csproj", "{10E5CB0C-8ADD-4995-91AF-D0824C7955FB}"
EndProject
Project("{FAE04EC0-301F-11D3-BF4B-00C04F79EFBC}") = "NivelStocareDate", "NivelStocareDate\NivelStocareDate.csproj", "{20F6FE91-782B-49AF-95AD-6FE0014B4B98}"
EndProject
Global
	GlobalSection(SolutionConfigurationPlatforms) = preSolution
		Debug|Any CPU = Debug|Any CPU
		Release|Any CPU = Release|Any CPU
	EndGlobalSection
	GlobalSection(ProjectConfigurationPlatforms) = postSolution
		{FFAA387B-1DC1-46EC-BAD9-6273A1F6B446}.Debug|Any CPU.ActiveCfg = Debug|Any CPU
		{FFAA387B-1DC1-46EC-BAD9-6273A1F6B446}.Debug|Any CPU.Build.0 = Debug|Any CPU
		{FFAA387B-1DC1-46EC-BAD9-6273A1F6B446}.Release|Any CPU.ActiveCfg = Release|Any CPU
		{FFAA387B-1DC1-46EC-BAD9-6273A1F6B446}.Release|Any CPU.Build.0 = Release|Any CPU
		{10E5CB0C-8ADD-4995-91AF-D0824C7955FB}.Debug|Any CPU.ActiveCfg = Debug|Any CPU
		{10E5CB0C-8ADD-4995-91AF-D0824C7955FB}.Debug|Any CPU.Build.0 = Debug|Any CPU
		{10E5CB0C-8ADD-4995-91AF-D0824C7955FB}.Release|Any CPU.ActiveCfg = Release|Any CPU
		{10E5CB0C-8ADD-4995-91AF-D0824C7955FB}.Release|Any CPU.Build.0 = Release|Any CPU
		{20F6FE91-782B-49AF-95AD-6FE0014B4B98}.Debug|Any CPU.ActiveCfg = Debug|Any CPU
		{20F6FE91-782B-49AF-95AD-6FE0014B4B98}.Debug|Any CPU.Build.0 = Debug|Any CPU
		{20F6FE91-782B-49AF-95AD-6FE0014B4B98}.Release|Any CPU.ActiveCfg = Release|Any CPU
		{20F6FE91-782B-49AF-95AD-6FE0014B4B98}.Release|Any CPU.Build.0 = Release|Any CPU
	EndGlobalSection
	GlobalSection(SolutionProperties) = preSolution
		HideSolutionNode = FALSE
	EndGlobalSection
	GlobalSection(ExtensibilityGlobals) = postSolution
		SolutionGuid = {4793ACE7-21D2-49BC-A630-61B7E65B39BC}
	EndGlobalSection
EndGlobal
